
Microsoft Visual Studio Solution File, Format Version 12.00
# Visual Studio Version 16
VisualStudioVersion = 16.0.29509.3
MinimumVisualStudioVersion = 10.0.40219.1
Project("{FAE04EC0-301F-11D3-BF4B-00C04F79EFBC}") = "RainOfStages.Plugin", "RainOfStages.Plugin.csproj", "{8E5080FF-69E2-4120-AF04-56E81E8FAC77}"
EndProject
Global
	GlobalSection(SolutionConfigurationPlatforms) = preSolution
		Debug|Any CPU = Debug|Any CPU
		Release|Any CPU = Release|Any CPU
	EndGlobalSection
	GlobalSection(ProjectConfigurationPlatforms) = postSolution
		{8E5080FF-69E2-4120-AF04-56E81E8FAC77}.Debug|Any CPU.ActiveCfg = Debug|Any CPU
		{8E5080FF-69E2-4120-AF04-56E81E8FAC77}.Debug|Any CPU.Build.0 = Debug|Any CPU
		{8E5080FF-69E2-4120-AF04-56E81E8FAC77}.Release|Any CPU.ActiveCfg = Release|Any CPU
		{8E5080FF-69E2-4120-AF04-56E81E8FAC77}.Release|Any CPU.Build.0 = Release|Any CPU
	EndGlobalSection
	GlobalSection(SolutionProperties) = preSolution
		HideSolutionNode = FALSE
	EndGlobalSection
	GlobalSection(ExtensibilityGlobals) = postSolution
		SolutionGuid = {80DF8965-401E-4BC4-8874-4D673DDCFBB7}
	EndGlobalSection
EndGlobal
